
Microsoft Visual Studio Solution File, Format Version 12.00
# Visual Studio Version 16
VisualStudioVersion = 16.0.30611.23
MinimumVisualStudioVersion = 10.0.40219.1
Project("{2150E333-8FDC-42A3-9474-1A3956D46DE8}") = "Models", "Models", "{B062B1B1-B534-4D0B-AC5E-9225C9435464}"
EndProject
Project("{2150E333-8FDC-42A3-9474-1A3956D46DE8}") = "Controllers", "Controllers", "{64B284DC-78E9-45A1-A412-A96A1CC239C8}"
EndProject
Project("{2150E333-8FDC-42A3-9474-1A3956D46DE8}") = "Services", "Services", "{C2F1FEFB-8742-477B-8F7E-46BA748E57EB}"
EndProject
Project("{FAE04EC0-301F-11D3-BF4B-00C04F79EFBC}") = "BookFinder", "BookFinder\BookFinder.csproj", "{7B047924-20C0-46AE-83DA-4DEB331CC93A}"
EndProject
Global
	GlobalSection(SolutionConfigurationPlatforms) = preSolution
		Debug|Any CPU = Debug|Any CPU
		Release|Any CPU = Release|Any CPU
	EndGlobalSection
	GlobalSection(ProjectConfigurationPlatforms) = postSolution
		{7B047924-20C0-46AE-83DA-4DEB331CC93A}.Debug|Any CPU.ActiveCfg = Debug|Any CPU
		{7B047924-20C0-46AE-83DA-4DEB331CC93A}.Debug|Any CPU.Build.0 = Debug|Any CPU
		{7B047924-20C0-46AE-83DA-4DEB331CC93A}.Release|Any CPU.ActiveCfg = Release|Any CPU
		{7B047924-20C0-46AE-83DA-4DEB331CC93A}.Release|Any CPU.Build.0 = Release|Any CPU
	EndGlobalSection
	GlobalSection(SolutionProperties) = preSolution
		HideSolutionNode = FALSE
	EndGlobalSection
	GlobalSection(NestedProjects) = preSolution
		{7B047924-20C0-46AE-83DA-4DEB331CC93A} = {B062B1B1-B534-4D0B-AC5E-9225C9435464}
	EndGlobalSection
	GlobalSection(ExtensibilityGlobals) = postSolution
		SolutionGuid = {DF229ED1-FC73-4A51-BF39-B79FF821A712}
	EndGlobalSection
EndGlobal
